<?xml version="1.0" encoding="utf-8"?>
<Project ToolsVersion="4.0" xmlns="http://schemas.microsoft.com/developer/msbuild/2003">
  <ItemGroup>
    <Filter Include="Source Files">
      <UniqueIdentifier>{4FC737F1-C7A5-4376-A066-2A32D752A2FF}</UniqueIdentifier>
      <Extensions>cpp;cxx;c;def</Extensions>
    </Filter>
    <Filter Include="Header Files">
      <UniqueIdentifier>{93995380-89BD-4b04-88EB-625FBE52EBFB}</UniqueIdentifier>
      <Extensions>h</Extensions>
    </Filter>
    <Filter Include="Form Files">
      <UniqueIdentifier>{99349809-55BA-4b9d-BF79-8FDBB0286EB3}</UniqueIdentifier>
      <Extensions>ui</Extensions>
    </Filter>
    <Filter Include="Resource Files">
      <UniqueIdentifier>{D9D6E242-F8AF-46E4-B9FD-80ECBC20BA3E}</UniqueIdentifier>
      <Extensions>qrc;*</Extensions>
      <ParseFiles>false</ParseFiles>
    </Filter>
    <Filter Include="Generated Files">
      <UniqueIdentifier>{71ED8ED8-ACB9-4CE9-BBE1-E00B30144E11}</UniqueIdentifier>
      <Extensions>moc;h;cpp</Extensions>
      <SourceControlFiles>False</SourceControlFiles>
    </Filter>
    <Filter Include="Generated Files\Debug">
      <UniqueIdentifier>{0b894c87-ea42-479f-a262-709927a9d35b}</UniqueIdentifier>
      <Extensions>cpp;moc</Extensions>
      <SourceControlFiles>False</SourceControlFiles>
    </Filter>
    <Filter Include="Generated Files\Release">
      <UniqueIdentifier>{4ba8c45d-662a-4ad9-8fbb-e65f31904328}</UniqueIdentifier>
      <Extensions>cpp;moc</Extensions>
      <SourceControlFiles>False</SourceControlFiles>
    </Filter>
    <Filter Include="Header Files\Framework">
      <UniqueIdentifier>{3178bc4a-16c3-44b4-bd4e-fbb040c2a077}</UniqueIdentifier>
    </Filter>
    <Filter Include="Header Files\Patterns">
      <UniqueIdentifier>{e300fb9e-672a-4162-b3df-8418143a5ed6}</UniqueIdentifier>
    </Filter>
    <Filter Include="Header Files\Utils">
      <UniqueIdentifier>{b2e79ec1-aa70-4dcb-bf65-70b7537d73c5}</UniqueIdentifier>
    </Filter>
    <Filter Include="Source Files\MVC">
      <UniqueIdentifier>{392c9d48-f224-4882-bd3b-7fe1af86c1d0}</UniqueIdentifier>
    </Filter>
    <Filter Include="Header Files\MVC">
      <UniqueIdentifier>{700bf56c-035c-40fc-91b8-5bf5d13650d3}</UniqueIdentifier>
    </Filter>
    <Filter Include="Header Files\Native">
      <UniqueIdentifier>{024c2e9a-484f-4e3b-829f-47033f6f9920}</UniqueIdentifier>
    </Filter>
    <Filter Include="Header Files\Services">
      <UniqueIdentifier>{561e6d59-cc0e-4e60-8e95-b9576579991f}</UniqueIdentifier>
    </Filter>
    <Filter Include="Header Files\Application">
      <UniqueIdentifier>{a2b1e441-b0fd-4e28-bb79-d635017ced61}</UniqueIdentifier>
    </Filter>
    <Filter Include="Header Files\Dialogs">
      <UniqueIdentifier>{5d2121bf-6e85-495b-9020-40a5e80f657b}</UniqueIdentifier>
    </Filter>
    <Filter Include="Source Files\Dialogs">
      <UniqueIdentifier>{283cd74b-27d2-4600-b1cb-64f54048b2b7}</UniqueIdentifier>
    </Filter>
  </ItemGroup>
  <ItemGroup>
    <ClCompile Include="GeneratedFiles\Debug\moc_view.cpp">
      <Filter>Generated Files\Debug</Filter>
    </ClCompile>
    <ClCompile Include="GeneratedFiles\Release\moc_view.cpp">
      <Filter>Generated Files\Release</Filter>
    </ClCompile>
    <ClCompile Include="GeneratedFiles\qrc_View.cpp">
      <Filter>Generated Files</Filter>
    </ClCompile>
    <ClCompile Include="SourceFiles\controller.cpp">
      <Filter>Source Files\MVC</Filter>
    </ClCompile>
    <ClCompile Include="SourceFiles\view.cpp">
      <Filter>Source Files\MVC</Filter>
    </ClCompile>
    <ClCompile Include="SourceFiles\model.cpp">
      <Filter>Source Files\MVC</Filter>
    </ClCompile>
    <ClCompile Include="SourceFiles\main.cpp">
      <Filter>Source Files</Filter>
    </ClCompile>
    <ClCompile Include="GeneratedFiles\Debug\moc_gettingFrameStrategy.cpp">
      <Filter>Generated Files\Debug</Filter>
    </ClCompile>
    <ClCompile Include="GeneratedFiles\Release\moc_gettingFrameStrategy.cpp">
      <Filter>Generated Files\Release</Filter>
    </ClCompile>
    <ClCompile Include="GeneratedFiles\Debug\moc_faceRecognitionTrainingDialog.cpp">
      <Filter>Generated Files\Debug</Filter>
    </ClCompile>
    <ClCompile Include="GeneratedFiles\Release\moc_faceRecognitionTrainingDialog.cpp">
      <Filter>Generated Files\Release</Filter>
    </ClCompile>
    <ClCompile Include="GeneratedFiles\Debug\moc_aboutDialog.cpp">
      <Filter>Generated Files\Debug</Filter>
    </ClCompile>
    <ClCompile Include="GeneratedFiles\Release\moc_aboutDialog.cpp">
      <Filter>Generated Files\Release</Filter>
    </ClCompile>
    <ClCompile Include="SourceFiles\aboutDialog.cpp">
      <Filter>Source Files\Dialogs</Filter>
    </ClCompile>
    <ClCompile Include="SourceFiles\faceRecognitionTrainingDialog.cpp">
      <Filter>Source Files\Dialogs</Filter>
    </ClCompile>
  </ItemGroup>
  <ItemGroup>
    <CustomBuild Include="view.ui">
      <Filter>Form Files</Filter>
    </CustomBuild>
    <CustomBuild Include="view.qrc">
      <Filter>Resource Files</Filter>
    </CustomBuild>
    <CustomBuild Include="view.h">
      <Filter>Header Files\MVC</Filter>
    </CustomBuild>
    <CustomBuild Include="model.h">
      <Filter>Header Files\MVC</Filter>
    </CustomBuild>
    <CustomBuild Include="gettingFrameStrategy.h">
      <Filter>Header Files\Native</Filter>
    </CustomBuild>
    <CustomBuild Include="faceRecognitionTrainingDialog.ui">
      <Filter>Form Files</Filter>
    </CustomBuild>
    <CustomBuild Include="faceRecognitionTrainingDialog.h">
      <Filter>Header Files\Dialogs</Filter>
    </CustomBuild>
    <CustomBuild Include="aboutDialog.ui">
      <Filter>Form Files</Filter>
    </CustomBuild>
    <CustomBuild Include="aboutDialog.h">
      <Filter>Header Files\Dialogs</Filter>
    </CustomBuild>
  </ItemGroup>
  <ItemGroup>
    <ClInclude Include="GeneratedFiles\ui_View.h">
      <Filter>Generated Files</Filter>
    </ClInclude>
    <ClInclude Include="controller.h">
      <Filter>Header Files\MVC</Filter>
    </ClInclude>
    <ClInclude Include="enums.h">
      <Filter>Header Files</Filter>
    </ClInclude>
    <ClInclude Include="exceptions.h">
      <Filter>Header Files\Framework</Filter>
    </ClInclude>
    <ClInclude Include="guard.h">
      <Filter>Header Files\Utils</Filter>
    </ClInclude>
    <ClInclude Include="observer.h">
      <Filter>Header Files\Patterns</Filter>
    </ClInclude>
    <ClInclude Include="gettingFrameStrategyCachingFactory.h">
      <Filter>Header Files\Native</Filter>
    </ClInclude>
    <ClInclude Include="dialogService.h">
      <Filter>Header Files\Services</Filter>
    </ClInclude>
    <ClInclude Include="frsApplication.h">
      <Filter>Header Files\Application</Filter>
    </ClInclude>
    <ClInclude Include="objectDetectionStrategy.h">
      <Filter>Header Files\Native</Filter>
    </ClInclude>
    <ClInclude Include="objectDetectionStrategyCachingFactory.h">
      <Filter>Header Files\Native</Filter>
    </ClInclude>
    <ClInclude Include="faceRecognitionStrategy.h">
      <Filter>Header Files\Native</Filter>
    </ClInclude>
    <ClInclude Include="faceRecognitionStrategyCachingFactory.h">
      <Filter>Header Files\Native</Filter>
    </ClInclude>
    <ClInclude Include="GeneratedFiles\ui_faceRecognitionTrainingDialog.h">
      <Filter>Generated Files</Filter>
    </ClInclude>
    <ClInclude Include="trainingInfo.h">
      <Filter>Header Files\Native</Filter>
    </ClInclude>
    <ClInclude Include="trainingData.h">
      <Filter>Header Files\Native</Filter>
    </ClInclude>
    <ClInclude Include="GeneratedFiles\ui_aboutDialog.h">
      <Filter>Generated Files</Filter>
    </ClInclude>
    <ClInclude Include="settingsService.h">
      <Filter>Header Files\Services</Filter>
    </ClInclude>
  </ItemGroup>
  <ItemGroup>
    <ResourceCompile Include="frs.rc" />
  </ItemGroup>
  <ItemGroup>
    <None Include="opencv.props" />
    <None Include="To-Do.txt" />
  </ItemGroup>
</Project>