
Microsoft Visual Studio Solution File, Format Version 11.00
# Visual Studio 2010
Project("{8BC9CEB8-8B4A-11D0-8D11-00A0C91BC942}") = "FRS.Core", "FRS.Core\FRS.Core.vcxproj", "{792472C1-FDA3-4314-B78D-1556E3275FC8}"
EndProject
Project("{8BC9CEB8-8B4A-11D0-8D11-00A0C91BC942}") = "FRS.GUI", "FRS.GUI\FRS.GUI.vcxproj", "{FDAAEDCE-22AF-4AA2-9CDE-F64AC5E302CE}"
EndProject
Global
	GlobalSection(SolutionConfigurationPlatforms) = preSolution
		Debug|Win32 = Debug|Win32
		Release|Win32 = Release|Win32
	EndGlobalSection
	GlobalSection(ProjectConfigurationPlatforms) = postSolution
		{792472C1-FDA3-4314-B78D-1556E3275FC8}.Debug|Win32.ActiveCfg = Debug|Win32
		{792472C1-FDA3-4314-B78D-1556E3275FC8}.Debug|Win32.Build.0 = Debug|Win32
		{792472C1-FDA3-4314-B78D-1556E3275FC8}.Release|Win32.ActiveCfg = Release|Win32
		{792472C1-FDA3-4314-B78D-1556E3275FC8}.Release|Win32.Build.0 = Release|Win32
		{FDAAEDCE-22AF-4AA2-9CDE-F64AC5E302CE}.Debug|Win32.ActiveCfg = Debug|Win32
		{FDAAEDCE-22AF-4AA2-9CDE-F64AC5E302CE}.Debug|Win32.Build.0 = Debug|Win32
		{FDAAEDCE-22AF-4AA2-9CDE-F64AC5E302CE}.Release|Win32.ActiveCfg = Release|Win32
		{FDAAEDCE-22AF-4AA2-9CDE-F64AC5E302CE}.Release|Win32.Build.0 = Release|Win32
	EndGlobalSection
	GlobalSection(SolutionProperties) = preSolution
		HideSolutionNode = FALSE
	EndGlobalSection
EndGlobal
